
Microsoft Visual Studio Solution File, Format Version 12.00
# Visual Studio 14
VisualStudioVersion = 14.0.23107.0
MinimumVisualStudioVersion = 10.0.40219.1
Project("{FAE04EC0-301F-11D3-BF4B-00C04F79EFBC}") = "MessagingGateway", "MessagingGateway\MessagingGateway.csproj", "{DF3F2467-001E-402B-94E9-0C3F2ABE9D73}"
EndProject
Project("{FAE04EC0-301F-11D3-BF4B-00C04F79EFBC}") = "DAL", "DAL\DAL.csproj", "{29C1894E-C26D-456E-A8CE-ED768CC29BF2}"
EndProject
Project("{FAE04EC0-301F-11D3-BF4B-00C04F79EFBC}") = "ErrorLogger", "ErrorLogger\ErrorLogger.csproj", "{F4E5EDAA-A115-49C3-812D-3BD59220C91B}"
EndProject
Project("{FAE04EC0-301F-11D3-BF4B-00C04F79EFBC}") = "MessageSimulator", "MessageSimulator\MessageSimulator\MessageSimulator.csproj", "{87714A48-7D02-425D-B8CA-317BDC3F642F}"
	ProjectSection(ProjectDependencies) = postProject
		{DF3F2467-001E-402B-94E9-0C3F2ABE9D73} = {DF3F2467-001E-402B-94E9-0C3F2ABE9D73}
	EndProjectSection
EndProject
Global
	GlobalSection(SolutionConfigurationPlatforms) = preSolution
		Debug|Any CPU = Debug|Any CPU
		Release|Any CPU = Release|Any CPU
	EndGlobalSection
	GlobalSection(ProjectConfigurationPlatforms) = postSolution
		{DF3F2467-001E-402B-94E9-0C3F2ABE9D73}.Debug|Any CPU.ActiveCfg = Debug|Any CPU
		{DF3F2467-001E-402B-94E9-0C3F2ABE9D73}.Debug|Any CPU.Build.0 = Debug|Any CPU
		{DF3F2467-001E-402B-94E9-0C3F2ABE9D73}.Release|Any CPU.ActiveCfg = Release|Any CPU
		{DF3F2467-001E-402B-94E9-0C3F2ABE9D73}.Release|Any CPU.Build.0 = Release|Any CPU
		{29C1894E-C26D-456E-A8CE-ED768CC29BF2}.Debug|Any CPU.ActiveCfg = Debug|Any CPU
		{29C1894E-C26D-456E-A8CE-ED768CC29BF2}.Debug|Any CPU.Build.0 = Debug|Any CPU
		{29C1894E-C26D-456E-A8CE-ED768CC29BF2}.Release|Any CPU.ActiveCfg = Release|Any CPU
		{29C1894E-C26D-456E-A8CE-ED768CC29BF2}.Release|Any CPU.Build.0 = Release|Any CPU
		{F4E5EDAA-A115-49C3-812D-3BD59220C91B}.Debug|Any CPU.ActiveCfg = Debug|Any CPU
		{F4E5EDAA-A115-49C3-812D-3BD59220C91B}.Debug|Any CPU.Build.0 = Debug|Any CPU
		{F4E5EDAA-A115-49C3-812D-3BD59220C91B}.Release|Any CPU.ActiveCfg = Release|Any CPU
		{F4E5EDAA-A115-49C3-812D-3BD59220C91B}.Release|Any CPU.Build.0 = Release|Any CPU
		{87714A48-7D02-425D-B8CA-317BDC3F642F}.Debug|Any CPU.ActiveCfg = Debug|Any CPU
		{87714A48-7D02-425D-B8CA-317BDC3F642F}.Debug|Any CPU.Build.0 = Debug|Any CPU
		{87714A48-7D02-425D-B8CA-317BDC3F642F}.Release|Any CPU.ActiveCfg = Release|Any CPU
		{87714A48-7D02-425D-B8CA-317BDC3F642F}.Release|Any CPU.Build.0 = Release|Any CPU
	EndGlobalSection
	GlobalSection(SolutionProperties) = preSolution
		HideSolutionNode = FALSE
	EndGlobalSection
EndGlobal
